// !$*UTF8*$!
{
	archiveVersion = 1;
	classes = {
	};
	objectVersion = 55;
	objects = {

/* Begin PBXBuildFile section */
		1E1BEAF42C25486C47AAC2E2 /* Pods_Messenger.framework in Frameworks */ = {isa = PBXBuildFile; fileRef = 46B0D84EB3A062DC230B3801 /* Pods_Messenger.framework */; };
		E889DC9627CC6CB5004B6079 /* GoogleService-Info.plist in Resources */ = {isa = PBXBuildFile; fileRef = E889DC9527CC6CB5004B6079 /* GoogleService-Info.plist */; };
		E889DC9827CDBE8B004B6079 /* DatabaseManager.swift in Sources */ = {isa = PBXBuildFile; fileRef = E889DC9727CDBE8A004B6079 /* DatabaseManager.swift */; };
		E8AF39A927D9336100243071 /* Realm in Frameworks */ = {isa = PBXBuildFile; productRef = E8AF39A827D9336100243071 /* Realm */; };
		E8AF39AB27D9336100243071 /* RealmSwift in Frameworks */ = {isa = PBXBuildFile; productRef = E8AF39AA27D9336100243071 /* RealmSwift */; };
		E8AF39AD27D9949100243071 /* ChatViewController.swift in Sources */ = {isa = PBXBuildFile; fileRef = E8AF39AC27D9949100243071 /* ChatViewController.swift */; };
		E8CAC63727CADBEA00FE1EE6 /* AppDelegate.swift in Sources */ = {isa = PBXBuildFile; fileRef = E8CAC63627CADBEA00FE1EE6 /* AppDelegate.swift */; };
		E8CAC63927CADBEA00FE1EE6 /* SceneDelegate.swift in Sources */ = {isa = PBXBuildFile; fileRef = E8CAC63827CADBEA00FE1EE6 /* SceneDelegate.swift */; };
		E8CAC63B27CADBEA00FE1EE6 /* ConversationsViewController.swift in Sources */ = {isa = PBXBuildFile; fileRef = E8CAC63A27CADBEA00FE1EE6 /* ConversationsViewController.swift */; };
		E8CAC63E27CADBEA00FE1EE6 /* Main.storyboard in Resources */ = {isa = PBXBuildFile; fileRef = E8CAC63C27CADBEA00FE1EE6 /* Main.storyboard */; };
		E8CAC64027CADBEC00FE1EE6 /* Assets.xcassets in Resources */ = {isa = PBXBuildFile; fileRef = E8CAC63F27CADBEC00FE1EE6 /* Assets.xcassets */; };
		E8CAC64327CADBEC00FE1EE6 /* LaunchScreen.storyboard in Resources */ = {isa = PBXBuildFile; fileRef = E8CAC64127CADBEC00FE1EE6 /* LaunchScreen.storyboard */; };
		E8CAC65127CAE75000FE1EE6 /* LoginViewController.swift in Sources */ = {isa = PBXBuildFile; fileRef = E8CAC65027CAE75000FE1EE6 /* LoginViewController.swift */; };
		E8CAC65327CAE77300FE1EE6 /* RegisterViewController.swift in Sources */ = {isa = PBXBuildFile; fileRef = E8CAC65227CAE77300FE1EE6 /* RegisterViewController.swift */; };
		E8CAC65527CAE7B000FE1EE6 /* PhotoViewerViewController.swift in Sources */ = {isa = PBXBuildFile; fileRef = E8CAC65427CAE7B000FE1EE6 /* PhotoViewerViewController.swift */; };
		E8CAC65727CAE7D500FE1EE6 /* VideoPlayerViewController.swift in Sources */ = {isa = PBXBuildFile; fileRef = E8CAC65627CAE7D400FE1EE6 /* VideoPlayerViewController.swift */; };
		E8CAC65927CAE80F00FE1EE6 /* NewConversationViewController.swift in Sources */ = {isa = PBXBuildFile; fileRef = E8CAC65827CAE80F00FE1EE6 /* NewConversationViewController.swift */; };
		E8CAC65B27CAE84A00FE1EE6 /* ProfileViewController.swift in Sources */ = {isa = PBXBuildFile; fileRef = E8CAC65A27CAE84A00FE1EE6 /* ProfileViewController.swift */; };
		E8CAC65E27CB241000FE1EE6 /* Extensions.swift in Sources */ = {isa = PBXBuildFile; fileRef = E8CAC65D27CB241000FE1EE6 /* Extensions.swift */; };
/* End PBXBuildFile section */

/* Begin PBXFileReference section */
		07A3E251FDAF05DC075E2708 /* Pods-Messenger.release.xcconfig */ = {isa = PBXFileReference; includeInIndex = 1; lastKnownFileType = text.xcconfig; name = "Pods-Messenger.release.xcconfig"; path = "Target Support Files/Pods-Messenger/Pods-Messenger.release.xcconfig"; sourceTree = "<group>"; };
		46B0D84EB3A062DC230B3801 /* Pods_Messenger.framework */ = {isa = PBXFileReference; explicitFileType = wrapper.framework; includeInIndex = 0; path = Pods_Messenger.framework; sourceTree = BUILT_PRODUCTS_DIR; };
		E39C24FA096B388415BFB53A /* Pods-Messenger.debug.xcconfig */ = {isa = PBXFileReference; includeInIndex = 1; lastKnownFileType = text.xcconfig; name = "Pods-Messenger.debug.xcconfig"; path = "Target Support Files/Pods-Messenger/Pods-Messenger.debug.xcconfig"; sourceTree = "<group>"; };
		E889DC9527CC6CB5004B6079 /* GoogleService-Info.plist */ = {isa = PBXFileReference; fileEncoding = 4; lastKnownFileType = text.plist.xml; path = "GoogleService-Info.plist"; sourceTree = "<group>"; };
		E889DC9727CDBE8A004B6079 /* DatabaseManager.swift */ = {isa = PBXFileReference; lastKnownFileType = sourcecode.swift; path = DatabaseManager.swift; sourceTree = "<group>"; };
		E8AF39AC27D9949100243071 /* ChatViewController.swift */ = {isa = PBXFileReference; lastKnownFileType = sourcecode.swift; path = ChatViewController.swift; sourceTree = "<group>"; };
		E8CAC63327CADBEA00FE1EE6 /* Messenger.app */ = {isa = PBXFileReference; explicitFileType = wrapper.application; includeInIndex = 0; path = Messenger.app; sourceTree = BUILT_PRODUCTS_DIR; };
		E8CAC63627CADBEA00FE1EE6 /* AppDelegate.swift */ = {isa = PBXFileReference; lastKnownFileType = sourcecode.swift; path = AppDelegate.swift; sourceTree = "<group>"; };
		E8CAC63827CADBEA00FE1EE6 /* SceneDelegate.swift */ = {isa = PBXFileReference; lastKnownFileType = sourcecode.swift; path = SceneDelegate.swift; sourceTree = "<group>"; };
		E8CAC63A27CADBEA00FE1EE6 /* ConversationsViewController.swift */ = {isa = PBXFileReference; lastKnownFileType = sourcecode.swift; path = ConversationsViewController.swift; sourceTree = "<group>"; };
		E8CAC63D27CADBEA00FE1EE6 /* Base */ = {isa = PBXFileReference; lastKnownFileType = file.storyboard; name = Base; path = Base.lproj/Main.storyboard; sourceTree = "<group>"; };
		E8CAC63F27CADBEC00FE1EE6 /* Assets.xcassets */ = {isa = PBXFileReference; lastKnownFileType = folder.assetcatalog; path = Assets.xcassets; sourceTree = "<group>"; };
		E8CAC64227CADBEC00FE1EE6 /* Base */ = {isa = PBXFileReference; lastKnownFileType = file.storyboard; name = Base; path = Base.lproj/LaunchScreen.storyboard; sourceTree = "<group>"; };
		E8CAC64427CADBEC00FE1EE6 /* Info.plist */ = {isa = PBXFileReference; lastKnownFileType = text.plist.xml; path = Info.plist; sourceTree = "<group>"; };
		E8CAC65027CAE75000FE1EE6 /* LoginViewController.swift */ = {isa = PBXFileReference; lastKnownFileType = sourcecode.swift; path = LoginViewController.swift; sourceTree = "<group>"; };
		E8CAC65227CAE77300FE1EE6 /* RegisterViewController.swift */ = {isa = PBXFileReference; lastKnownFileType = sourcecode.swift; path = RegisterViewController.swift; sourceTree = "<group>"; };
		E8CAC65427CAE7B000FE1EE6 /* PhotoViewerViewController.swift */ = {isa = PBXFileReference; lastKnownFileType = sourcecode.swift; path = PhotoViewerViewController.swift; sourceTree = "<group>"; };
		E8CAC65627CAE7D400FE1EE6 /* VideoPlayerViewController.swift */ = {isa = PBXFileReference; lastKnownFileType = sourcecode.swift; path = VideoPlayerViewController.swift; sourceTree = "<group>"; };
		E8CAC65827CAE80F00FE1EE6 /* NewConversationViewController.swift */ = {isa = PBXFileReference; lastKnownFileType = sourcecode.swift; path = NewConversationViewController.swift; sourceTree = "<group>"; };
		E8CAC65A27CAE84A00FE1EE6 /* ProfileViewController.swift */ = {isa = PBXFileReference; lastKnownFileType = sourcecode.swift; path = ProfileViewController.swift; sourceTree = "<group>"; };
		E8CAC65D27CB241000FE1EE6 /* Extensions.swift */ = {isa = PBXFileReference; lastKnownFileType = sourcecode.swift; path = Extensions.swift; sourceTree = "<group>"; };
/* End PBXFileReference section */

/* Begin PBXFrameworksBuildPhase section */
		E8CAC63027CADBEA00FE1EE6 /* Frameworks */ = {
			isa = PBXFrameworksBuildPhase;
			buildActionMask = 2147483647;
			files = (
				E8AF39AB27D9336100243071 /* RealmSwift in Frameworks */,
				E8AF39A927D9336100243071 /* Realm in Frameworks */,
				1E1BEAF42C25486C47AAC2E2 /* Pods_Messenger.framework in Frameworks */,
			);
			runOnlyForDeploymentPostprocessing = 0;
		};
/* End PBXFrameworksBuildPhase section */

/* Begin PBXGroup section */
		0C73769915A2A6962B138BF1 /* Frameworks */ = {
			isa = PBXGroup;
			children = (
				46B0D84EB3A062DC230B3801 /* Pods_Messenger.framework */,
			);
			name = Frameworks;
			sourceTree = "<group>";
		};
		E664CC9C4D9CA17578A68494 /* Pods */ = {
			isa = PBXGroup;
			children = (
				E39C24FA096B388415BFB53A /* Pods-Messenger.debug.xcconfig */,
				07A3E251FDAF05DC075E2708 /* Pods-Messenger.release.xcconfig */,
			);
			path = Pods;
			sourceTree = "<group>";
		};
		E8CAC62A27CADBEA00FE1EE6 = {
			isa = PBXGroup;
			children = (
				E8CAC63527CADBEA00FE1EE6 /* Messenger */,
				E8CAC63427CADBEA00FE1EE6 /* Products */,
				E664CC9C4D9CA17578A68494 /* Pods */,
				0C73769915A2A6962B138BF1 /* Frameworks */,
			);
			sourceTree = "<group>";
		};
		E8CAC63427CADBEA00FE1EE6 /* Products */ = {
			isa = PBXGroup;
			children = (
				E8CAC63327CADBEA00FE1EE6 /* Messenger.app */,
			);
			name = Products;
			sourceTree = "<group>";
		};
		E8CAC63527CADBEA00FE1EE6 /* Messenger */ = {
			isa = PBXGroup;
			children = (
				E8CAC64E27CAE42300FE1EE6 /* Resources */,
				E8CAC64D27CAE41A00FE1EE6 /* ViewModel */,
				E8CAC64A27CADD9400FE1EE6 /* Model */,
				E8CAC64B27CADD9C00FE1EE6 /* View */,
				E8CAC64C27CADDA200FE1EE6 /* Controller */,
				E8CAC64427CADBEC00FE1EE6 /* Info.plist */,
				E889DC9527CC6CB5004B6079 /* GoogleService-Info.plist */,
			);
			path = Messenger;
			sourceTree = "<group>";
		};
		E8CAC64A27CADD9400FE1EE6 /* Model */ = {
			isa = PBXGroup;
			children = (
			);
			path = Model;
			sourceTree = "<group>";
		};
		E8CAC64B27CADD9C00FE1EE6 /* View */ = {
			isa = PBXGroup;
			children = (
				E8CAC64F27CAE48600FE1EE6 /* Storyboard */,
				E8CAC63F27CADBEC00FE1EE6 /* Assets.xcassets */,
			);
			path = View;
			sourceTree = "<group>";
		};
		E8CAC64C27CADDA200FE1EE6 /* Controller */ = {
			isa = PBXGroup;
			children = (
				E8CAC63A27CADBEA00FE1EE6 /* ConversationsViewController.swift */,
				E8CAC65C27CAEBAE00FE1EE6 /* Login_Register */,
				E8CAC65427CAE7B000FE1EE6 /* PhotoViewerViewController.swift */,
				E8CAC65627CAE7D400FE1EE6 /* VideoPlayerViewController.swift */,
				E8CAC65827CAE80F00FE1EE6 /* NewConversationViewController.swift */,
				E8CAC65A27CAE84A00FE1EE6 /* ProfileViewController.swift */,
				E8AF39AC27D9949100243071 /* ChatViewController.swift */,
			);
			path = Controller;
			sourceTree = "<group>";
		};
		E8CAC64D27CAE41A00FE1EE6 /* ViewModel */ = {
			isa = PBXGroup;
			children = (
			);
			path = ViewModel;
			sourceTree = "<group>";
		};
		E8CAC64E27CAE42300FE1EE6 /* Resources */ = {
			isa = PBXGroup;
			children = (
				E8CAC63627CADBEA00FE1EE6 /* AppDelegate.swift */,
				E8CAC63827CADBEA00FE1EE6 /* SceneDelegate.swift */,
				E8CAC65D27CB241000FE1EE6 /* Extensions.swift */,
				E889DC9727CDBE8A004B6079 /* DatabaseManager.swift */,
			);
			path = Resources;
			sourceTree = "<group>";
		};
		E8CAC64F27CAE48600FE1EE6 /* Storyboard */ = {
			isa = PBXGroup;
			children = (
				E8CAC63C27CADBEA00FE1EE6 /* Main.storyboard */,
				E8CAC64127CADBEC00FE1EE6 /* LaunchScreen.storyboard */,
			);
			path = Storyboard;
			sourceTree = "<group>";
		};
		E8CAC65C27CAEBAE00FE1EE6 /* Login_Register */ = {
			isa = PBXGroup;
			children = (
				E8CAC65027CAE75000FE1EE6 /* LoginViewController.swift */,
				E8CAC65227CAE77300FE1EE6 /* RegisterViewController.swift */,
			);
			path = Login_Register;
			sourceTree = "<group>";
		};
/* End PBXGroup section */

/* Begin PBXNativeTarget section */
		E8CAC63227CADBEA00FE1EE6 /* Messenger */ = {
			isa = PBXNativeTarget;
			buildConfigurationList = E8CAC64727CADBEC00FE1EE6 /* Build configuration list for PBXNativeTarget "Messenger" */;
			buildPhases = (
				947CE59E8698314DEC8FB5B9 /* [CP] Check Pods Manifest.lock */,
				E8CAC62F27CADBEA00FE1EE6 /* Sources */,
				E8CAC63027CADBEA00FE1EE6 /* Frameworks */,
				E8CAC63127CADBEA00FE1EE6 /* Resources */,
				AB5F22EE29BF35D1EF84F864 /* [CP] Embed Pods Frameworks */,
			);
			buildRules = (
			);
			dependencies = (
			);
			name = Messenger;
			packageProductDependencies = (
				E8AF39A827D9336100243071 /* Realm */,
				E8AF39AA27D9336100243071 /* RealmSwift */,
			);
			productName = Messenger;
			productReference = E8CAC63327CADBEA00FE1EE6 /* Messenger.app */;
			productType = "com.apple.product-type.application";
		};
/* End PBXNativeTarget section */

/* Begin PBXProject section */
		E8CAC62B27CADBEA00FE1EE6 /* Project object */ = {
			isa = PBXProject;
			attributes = {
				BuildIndependentTargetsInParallel = 1;
				LastSwiftUpdateCheck = 1310;
				LastUpgradeCheck = 1310;
				TargetAttributes = {
					E8CAC63227CADBEA00FE1EE6 = {
						CreatedOnToolsVersion = 13.1;
					};
				};
			};
			buildConfigurationList = E8CAC62E27CADBEA00FE1EE6 /* Build configuration list for PBXProject "Messenger" */;
			compatibilityVersion = "Xcode 13.0";
			developmentRegion = en;
			hasScannedForEncodings = 0;
			knownRegions = (
				en,
				Base,
			);
			mainGroup = E8CAC62A27CADBEA00FE1EE6;
			packageReferences = (
				E8AF39A727D9336100243071 /* XCRemoteSwiftPackageReference "realm-swift" */,
			);
			productRefGroup = E8CAC63427CADBEA00FE1EE6 /* Products */;
			projectDirPath = "";
			projectRoot = "";
			targets = (
				E8CAC63227CADBEA00FE1EE6 /* Messenger */,
			);
		};
/* End PBXProject section */

/* Begin PBXResourcesBuildPhase section */
		E8CAC63127CADBEA00FE1EE6 /* Resources */ = {
			isa = PBXResourcesBuildPhase;
			buildActionMask = 2147483647;
			files = (
				E8CAC64327CADBEC00FE1EE6 /* LaunchScreen.storyboard in Resources */,
				E889DC9627CC6CB5004B6079 /* GoogleService-Info.plist in Resources */,
				E8CAC64027CADBEC00FE1EE6 /* Assets.xcassets in Resources */,
				E8CAC63E27CADBEA00FE1EE6 /* Main.storyboard in Resources */,
			);
			runOnlyForDeploymentPostprocessing = 0;
		};
/* End PBXResourcesBuildPhase section */

/* Begin PBXShellScriptBuildPhase section */
		947CE59E8698314DEC8FB5B9 /* [CP] Check Pods Manifest.lock */ = {
			isa = PBXShellScriptBuildPhase;
			buildActionMask = 2147483647;
			files = (
			);
			inputFileListPaths = (
			);
			inputPaths = (
				"${PODS_PODFILE_DIR_PATH}/Podfile.lock",
				"${PODS_ROOT}/Manifest.lock",
			);
			name = "[CP] Check Pods Manifest.lock";
			outputFileListPaths = (
			);
			outputPaths = (
				"$(DERIVED_FILE_DIR)/Pods-Messenger-checkManifestLockResult.txt",
			);
			runOnlyForDeploymentPostprocessing = 0;
			shellPath = /bin/sh;
			shellScript = "diff \"${PODS_PODFILE_DIR_PATH}/Podfile.lock\" \"${PODS_ROOT}/Manifest.lock\" > /dev/null\nif [ $? != 0 ] ; then\n    # print error to STDERR\n    echo \"error: The sandbox is not in sync with the Podfile.lock. Run 'pod install' or update your CocoaPods installation.\" >&2\n    exit 1\nfi\n# This output is used by Xcode 'outputs' to avoid re-running this script phase.\necho \"SUCCESS\" > \"${SCRIPT_OUTPUT_FILE_0}\"\n";
			showEnvVarsInLog = 0;
		};
		AB5F22EE29BF35D1EF84F864 /* [CP] Embed Pods Frameworks */ = {
			isa = PBXShellScriptBuildPhase;
			buildActionMask = 2147483647;
			files = (
			);
			inputFileListPaths = (
				"${PODS_ROOT}/Target Support Files/Pods-Messenger/Pods-Messenger-frameworks-${CONFIGURATION}-input-files.xcfilelist",
			);
			name = "[CP] Embed Pods Frameworks";
			outputFileListPaths = (
				"${PODS_ROOT}/Target Support Files/Pods-Messenger/Pods-Messenger-frameworks-${CONFIGURATION}-output-files.xcfilelist",
			);
			runOnlyForDeploymentPostprocessing = 0;
			shellPath = /bin/sh;
			shellScript = "\"${PODS_ROOT}/Target Support Files/Pods-Messenger/Pods-Messenger-frameworks.sh\"\n";
			showEnvVarsInLog = 0;
		};
/* End PBXShellScriptBuildPhase section */

/* Begin PBXSourcesBuildPhase section */
		E8CAC62F27CADBEA00FE1EE6 /* Sources */ = {
			isa = PBXSourcesBuildPhase;
			buildActionMask = 2147483647;
			files = (
				E8CAC65127CAE75000FE1EE6 /* LoginViewController.swift in Sources */,
				E889DC9827CDBE8B004B6079 /* DatabaseManager.swift in Sources */,
				E8CAC65327CAE77300FE1EE6 /* RegisterViewController.swift in Sources */,
				E8CAC65927CAE80F00FE1EE6 /* NewConversationViewController.swift in Sources */,
				E8CAC63B27CADBEA00FE1EE6 /* ConversationsViewController.swift in Sources */,
				E8CAC65727CAE7D500FE1EE6 /* VideoPlayerViewController.swift in Sources */,
				E8CAC65E27CB241000FE1EE6 /* Extensions.swift in Sources */,
				E8CAC63727CADBEA00FE1EE6 /* AppDelegate.swift in Sources */,
				E8CAC65B27CAE84A00FE1EE6 /* ProfileViewController.swift in Sources */,
				E8CAC63927CADBEA00FE1EE6 /* SceneDelegate.swift in Sources */,
				E8AF39AD27D9949100243071 /* ChatViewController.swift in Sources */,
				E8CAC65527CAE7B000FE1EE6 /* PhotoViewerViewController.swift in Sources */,
			);
			runOnlyForDeploymentPostprocessing = 0;
		};
/* End PBXSourcesBuildPhase section */

/* Begin PBXVariantGroup section */
		E8CAC63C27CADBEA00FE1EE6 /* Main.storyboard */ = {
			isa = PBXVariantGroup;
			children = (
				E8CAC63D27CADBEA00FE1EE6 /* Base */,
			);
			name = Main.storyboard;
			sourceTree = "<group>";
		};
		E8CAC64127CADBEC00FE1EE6 /* LaunchScreen.storyboard */ = {
			isa = PBXVariantGroup;
			children = (
				E8CAC64227CADBEC00FE1EE6 /* Base */,
			);
			name = LaunchScreen.storyboard;
			sourceTree = "<group>";
		};
/* End PBXVariantGroup section */

/* Begin XCBuildConfiguration section */
		E8CAC64527CADBEC00FE1EE6 /* Debug */ = {
			isa = XCBuildConfiguration;
			buildSettings = {
				ALWAYS_SEARCH_USER_PATHS = NO;
				CLANG_ANALYZER_NONNULL = YES;
				CLANG_ANALYZER_NUMBER_OBJECT_CONVERSION = YES_AGGRESSIVE;
				CLANG_CXX_LANGUAGE_STANDARD = "gnu++17";
				CLANG_CXX_LIBRARY = "libc++";
				CLANG_ENABLE_MODULES = YES;
				CLANG_ENABLE_OBJC_ARC = YES;
				CLANG_ENABLE_OBJC_WEAK = YES;
				CLANG_WARN_BLOCK_CAPTURE_AUTORELEASING = YES;
				CLANG_WARN_BOOL_CONVERSION = YES;
				CLANG_WARN_COMMA = YES;
				CLANG_WARN_CONSTANT_CONVERSION = YES;
				CLANG_WARN_DEPRECATED_OBJC_IMPLEMENTATIONS = YES;
				CLANG_WARN_DIRECT_OBJC_ISA_USAGE = YES_ERROR;
				CLANG_WARN_DOCUMENTATION_COMMENTS = YES;
				CLANG_WARN_EMPTY_BODY = YES;
				CLANG_WARN_ENUM_CONVERSION = YES;
				CLANG_WARN_INFINITE_RECURSION = YES;
				CLANG_WARN_INT_CONVERSION = YES;
				CLANG_WARN_NON_LITERAL_NULL_CONVERSION = YES;
				CLANG_WARN_OBJC_IMPLICIT_RETAIN_SELF = YES;
				CLANG_WARN_OBJC_LITERAL_CONVERSION = YES;
				CLANG_WARN_OBJC_ROOT_CLASS = YES_ERROR;
				CLANG_WARN_QUOTED_INCLUDE_IN_FRAMEWORK_HEADER = YES;
				CLANG_WARN_RANGE_LOOP_ANALYSIS = YES;
				CLANG_WARN_STRICT_PROTOTYPES = YES;
				CLANG_WARN_SUSPICIOUS_MOVE = YES;
				CLANG_WARN_UNGUARDED_AVAILABILITY = YES_AGGRESSIVE;
				CLANG_WARN_UNREACHABLE_CODE = YES;
				CLANG_WARN__DUPLICATE_METHOD_MATCH = YES;
				COPY_PHASE_STRIP = NO;
				DEBUG_INFORMATION_FORMAT = dwarf;
				ENABLE_STRICT_OBJC_MSGSEND = YES;
				ENABLE_TESTABILITY = YES;
				GCC_C_LANGUAGE_STANDARD = gnu11;
				GCC_DYNAMIC_NO_PIC = NO;
				GCC_NO_COMMON_BLOCKS = YES;
				GCC_OPTIMIZATION_LEVEL = 0;
				GCC_PREPROCESSOR_DEFINITIONS = (
					"DEBUG=1",
					"$(inherited)",
				);
				GCC_WARN_64_TO_32_BIT_CONVERSION = YES;
				GCC_WARN_ABOUT_RETURN_TYPE = YES_ERROR;
				GCC_WARN_UNDECLARED_SELECTOR = YES;
				GCC_WARN_UNINITIALIZED_AUTOS = YES_AGGRESSIVE;
				GCC_WARN_UNUSED_FUNCTION = YES;
				GCC_WARN_UNUSED_VARIABLE = YES;
				IPHONEOS_DEPLOYMENT_TARGET = 15.0;
				MTL_ENABLE_DEBUG_INFO = INCLUDE_SOURCE;
				MTL_FAST_MATH = YES;
				ONLY_ACTIVE_ARCH = YES;
				SDKROOT = iphoneos;
				SWIFT_ACTIVE_COMPILATION_CONDITIONS = DEBUG;
				SWIFT_OPTIMIZATION_LEVEL = "-Onone";
			};
			name = Debug;
		};
		E8CAC64627CADBEC00FE1EE6 /* Release */ = {
			isa = XCBuildConfiguration;
			buildSettings = {
				ALWAYS_SEARCH_USER_PATHS = NO;
				CLANG_ANALYZER_NONNULL = YES;
				CLANG_ANALYZER_NUMBER_OBJECT_CONVERSION = YES_AGGRESSIVE;
				CLANG_CXX_LANGUAGE_STANDARD = "gnu++17";
				CLANG_CXX_LIBRARY = "libc++";
				CLANG_ENABLE_MODULES = YES;
				CLANG_ENABLE_OBJC_ARC = YES;
				CLANG_ENABLE_OBJC_WEAK = YES;
				CLANG_WARN_BLOCK_CAPTURE_AUTORELEASING = YES;
				CLANG_WARN_BOOL_CONVERSION = YES;
				CLANG_WARN_COMMA = YES;
				CLANG_WARN_CONSTANT_CONVERSION = YES;
				CLANG_WARN_DEPRECATED_OBJC_IMPLEMENTATIONS = YES;
				CLANG_WARN_DIRECT_OBJC_ISA_USAGE = YES_ERROR;
				CLANG_WARN_DOCUMENTATION_COMMENTS = YES;
				CLANG_WARN_EMPTY_BODY = YES;
				CLANG_WARN_ENUM_CONVERSION = YES;
				CLANG_WARN_INFINITE_RECURSION = YES;
				CLANG_WARN_INT_CONVERSION = YES;
				CLANG_WARN_NON_LITERAL_NULL_CONVERSION = YES;
				CLANG_WARN_OBJC_IMPLICIT_RETAIN_SELF = YES;
				CLANG_WARN_OBJC_LITERAL_CONVERSION = YES;
				CLANG_WARN_OBJC_ROOT_CLASS = YES_ERROR;
				CLANG_WARN_QUOTED_INCLUDE_IN_FRAMEWORK_HEADER = YES;
				CLANG_WARN_RANGE_LOOP_ANALYSIS = YES;
				CLANG_WARN_STRICT_PROTOTYPES = YES;
				CLANG_WARN_SUSPICIOUS_MOVE = YES;
				CLANG_WARN_UNGUARDED_AVAILABILITY = YES_AGGRESSIVE;
				CLANG_WARN_UNREACHABLE_CODE = YES;
				CLANG_WARN__DUPLICATE_METHOD_MATCH = YES;
				COPY_PHASE_STRIP = NO;
				DEBUG_INFORMATION_FORMAT = "dwarf-with-dsym";
				ENABLE_NS_ASSERTIONS = NO;
				ENABLE_STRICT_OBJC_MSGSEND = YES;
				GCC_C_LANGUAGE_STANDARD = gnu11;
				GCC_NO_COMMON_BLOCKS = YES;
				GCC_WARN_64_TO_32_BIT_CONVERSION = YES;
				GCC_WARN_ABOUT_RETURN_TYPE = YES_ERROR;
				GCC_WARN_UNDECLARED_SELECTOR = YES;
				GCC_WARN_UNINITIALIZED_AUTOS = YES_AGGRESSIVE;
				GCC_WARN_UNUSED_FUNCTION = YES;
				GCC_WARN_UNUSED_VARIABLE = YES;
				IPHONEOS_DEPLOYMENT_TARGET = 15.0;
				MTL_ENABLE_DEBUG_INFO = NO;
				MTL_FAST_MATH = YES;
				SDKROOT = iphoneos;
				SWIFT_COMPILATION_MODE = wholemodule;
				SWIFT_OPTIMIZATION_LEVEL = "-O";
				VALIDATE_PRODUCT = YES;
			};
			name = Release;
		};
		E8CAC64827CADBEC00FE1EE6 /* Debug */ = {
			isa = XCBuildConfiguration;
			baseConfigurationReference = E39C24FA096B388415BFB53A /* Pods-Messenger.debug.xcconfig */;
			buildSettings = {
				ASSETCATALOG_COMPILER_APPICON_NAME = AppIcon;
				ASSETCATALOG_COMPILER_GLOBAL_ACCENT_COLOR_NAME = AccentColor;
				CODE_SIGN_STYLE = Automatic;
				CURRENT_PROJECT_VERSION = 1;
				DEVELOPMENT_TEAM = XH84BMZU8Q;
				GENERATE_INFOPLIST_FILE = YES;
				INFOPLIST_FILE = Messenger/Info.plist;
				INFOPLIST_KEY_CFBundleDisplayName = Messenger;
				INFOPLIST_KEY_NSCameraUsageDescription = "Please allow access to take a profile picture";
				INFOPLIST_KEY_NSPhotoLibraryUsageDescription = "Please allow access to select a photo for your profile";
				INFOPLIST_KEY_UIApplicationSupportsIndirectInputEvents = YES;
				INFOPLIST_KEY_UILaunchStoryboardName = LaunchScreen;
				INFOPLIST_KEY_UIMainStoryboardFile = Main;
				INFOPLIST_KEY_UISupportedInterfaceOrientations = UIInterfaceOrientationPortrait;
				INFOPLIST_KEY_UISupportedInterfaceOrientations_iPad = "UIInterfaceOrientationPortrait UIInterfaceOrientationPortraitUpsideDown UIInterfaceOrientationLandscapeLeft UIInterfaceOrientationLandscapeRight";
				INFOPLIST_KEY_UISupportedInterfaceOrientations_iPhone = "UIInterfaceOrientationPortrait UIInterfaceOrientationLandscapeLeft UIInterfaceOrientationLandscapeRight";
				LD_RUNPATH_SEARCH_PATHS = (
					"$(inherited)",
					"@executable_path/Frameworks",
				);
				MARKETING_VERSION = 1.0;
				PRODUCT_BUNDLE_IDENTIFIER = com.juanfelipe82193.Messenger;
				PRODUCT_NAME = "$(TARGET_NAME)";
				SWIFT_EMIT_LOC_STRINGS = YES;
				SWIFT_VERSION = 5.0;
				TARGETED_DEVICE_FAMILY = "1,2";
			};
			name = Debug;
		};
		E8CAC64927CADBEC00FE1EE6 /* Release */ = {
			isa = XCBuildConfiguration;
			baseConfigurationReference = 07A3E251FDAF05DC075E2708 /* Pods-Messenger.release.xcconfig */;
			buildSettings = {
				ASSETCATALOG_COMPILER_APPICON_NAME = AppIcon;
				ASSETCATALOG_COMPILER_GLOBAL_ACCENT_COLOR_NAME = AccentColor;
				CODE_SIGN_STYLE = Automatic;
				CURRENT_PROJECT_VERSION = 1;
				DEVELOPMENT_TEAM = XH84BMZU8Q;
				GENERATE_INFOPLIST_FILE = YES;
				INFOPLIST_FILE = Messenger/Info.plist;
				INFOPLIST_KEY_CFBundleDisplayName = Messenger;
				INFOPLIST_KEY_NSCameraUsageDescription = "Please allow access to take a profile picture";
				INFOPLIST_KEY_NSPhotoLibraryUsageDescription = "Please allow access to select a photo for your profile";
				INFOPLIST_KEY_UIApplicationSupportsIndirectInputEvents = YES;
				INFOPLIST_KEY_UILaunchStoryboardName = LaunchScreen;
				INFOPLIST_KEY_UIMainStoryboardFile = Main;
				INFOPLIST_KEY_UISupportedInterfaceOrientations = UIInterfaceOrientationPortrait;
				INFOPLIST_KEY_UISupportedInterfaceOrientations_iPad = "UIInterfaceOrientationPortrait UIInterfaceOrientationPortraitUpsideDown UIInterfaceOrientationLandscapeLeft UIInterfaceOrientationLandscapeRight";
				INFOPLIST_KEY_UISupportedInterfaceOrientations_iPhone = "UIInterfaceOrientationPortrait UIInterfaceOrientationLandscapeLeft UIInterfaceOrientationLandscapeRight";
				LD_RUNPATH_SEARCH_PATHS = (
					"$(inherited)",
					"@executable_path/Frameworks",
				);
				MARKETING_VERSION = 1.0;
				PRODUCT_BUNDLE_IDENTIFIER = com.juanfelipe82193.Messenger;
				PRODUCT_NAME = "$(TARGET_NAME)";
				SWIFT_EMIT_LOC_STRINGS = YES;
				SWIFT_VERSION = 5.0;
				TARGETED_DEVICE_FAMILY = "1,2";
			};
			name = Release;
		};
/* End XCBuildConfiguration section */

/* Begin XCConfigurationList section */
		E8CAC62E27CADBEA00FE1EE6 /* Build configuration list for PBXProject "Messenger" */ = {
			isa = XCConfigurationList;
			buildConfigurations = (
				E8CAC64527CADBEC00FE1EE6 /* Debug */,
				E8CAC64627CADBEC00FE1EE6 /* Release */,
			);
			defaultConfigurationIsVisible = 0;
			defaultConfigurationName = Release;
		};
		E8CAC64727CADBEC00FE1EE6 /* Build configuration list for PBXNativeTarget "Messenger" */ = {
			isa = XCConfigurationList;
			buildConfigurations = (
				E8CAC64827CADBEC00FE1EE6 /* Debug */,
				E8CAC64927CADBEC00FE1EE6 /* Release */,
			);
			defaultConfigurationIsVisible = 0;
			defaultConfigurationName = Release;
		};
/* End XCConfigurationList section */

/* Begin XCRemoteSwiftPackageReference section */
		E8AF39A727D9336100243071 /* XCRemoteSwiftPackageReference "realm-swift" */ = {
			isa = XCRemoteSwiftPackageReference;
			repositoryURL = "https://github.com/realm/realm-swift.git";
			requirement = {
				kind = upToNextMajorVersion;
				minimumVersion = 10.19.0;
			};
		};
/* End XCRemoteSwiftPackageReference section */

/* Begin XCSwiftPackageProductDependency section */
		E8AF39A827D9336100243071 /* Realm */ = {
			isa = XCSwiftPackageProductDependency;
			package = E8AF39A727D9336100243071 /* XCRemoteSwiftPackageReference "realm-swift" */;
			productName = Realm;
		};
		E8AF39AA27D9336100243071 /* RealmSwift */ = {
			isa = XCSwiftPackageProductDependency;
			package = E8AF39A727D9336100243071 /* XCRemoteSwiftPackageReference "realm-swift" */;
			productName = RealmSwift;
		};
/* End XCSwiftPackageProductDependency section */
	};
	rootObject = E8CAC62B27CADBEA00FE1EE6 /* Project object */;
}
